// !$*UTF8*$!
{
	archiveVersion = 1;
	classes = {
	};
	objectVersion = 56;
	objects = {

/* Begin PBXBuildFile section */
		3D93F8052C47613C00B90AC3 /* WeatherApp.swift in Sources */ = {isa = PBXBuildFile; fileRef = 3D93F8042C47613C00B90AC3 /* WeatherApp.swift */; };
		3D93F8072C47613C00B90AC3 /* CurrentWeatherView.swift in Sources */ = {isa = PBXBuildFile; fileRef = 3D93F8062C47613C00B90AC3 /* CurrentWeatherView.swift */; };
		3D93F8092C47613D00B90AC3 /* Assets.xcassets in Resources */ = {isa = PBXBuildFile; fileRef = 3D93F8082C47613D00B90AC3 /* Assets.xcassets */; };
		3D93F80C2C47613D00B90AC3 /* Preview Assets.xcassets in Resources */ = {isa = PBXBuildFile; fileRef = 3D93F80B2C47613D00B90AC3 /* Preview Assets.xcassets */; };
		3D93F8132C484D0500B90AC3 /* HourlyForecastView.swift in Sources */ = {isa = PBXBuildFile; fileRef = 3D93F8122C484D0500B90AC3 /* HourlyForecastView.swift */; };
		3D93F8152C48A9CE00B90AC3 /* WelcomeView.swift in Sources */ = {isa = PBXBuildFile; fileRef = 3D93F8142C48A9CE00B90AC3 /* WelcomeView.swift */; };
		3D93F8182C48C71800B90AC3 /* PurpleButton.swift in Sources */ = {isa = PBXBuildFile; fileRef = 3D93F8172C48C71800B90AC3 /* PurpleButton.swift */; };
		3D93F81B2C48D32800B90AC3 /* NetworkManager.swift in Sources */ = {isa = PBXBuildFile; fileRef = 3D93F81A2C48D32800B90AC3 /* NetworkManager.swift */; };
		3D93F81E2C49698100B90AC3 /* CurrentWeather.swift in Sources */ = {isa = PBXBuildFile; fileRef = 3D93F81D2C49698100B90AC3 /* CurrentWeather.swift */; };
		3D93F8212C49727700B90AC3 /* CurrentWeatherViewModel.swift in Sources */ = {isa = PBXBuildFile; fileRef = 3D93F8202C49727700B90AC3 /* CurrentWeatherViewModel.swift */; };
		3D93F8232C498E3500B90AC3 /* ForecastWeather.swift in Sources */ = {isa = PBXBuildFile; fileRef = 3D93F8222C498E3500B90AC3 /* ForecastWeather.swift */; };
		3D93F8252C49AC8200B90AC3 /* HourlyForecastViewModel.swift in Sources */ = {isa = PBXBuildFile; fileRef = 3D93F8242C49AC8200B90AC3 /* HourlyForecastViewModel.swift */; };
		3D93F8272C49B68A00B90AC3 /* WeatherIconMapper.swift in Sources */ = {isa = PBXBuildFile; fileRef = 3D93F8262C49B68A00B90AC3 /* WeatherIconMapper.swift */; };
		3D93F8292C49F60000B90AC3 /* APIEndpoints.swift in Sources */ = {isa = PBXBuildFile; fileRef = 3D93F8282C49F60000B90AC3 /* APIEndpoints.swift */; };
		3D93F82D2C49F99200B90AC3 /* WeatherOverview.swift in Sources */ = {isa = PBXBuildFile; fileRef = 3D93F82C2C49F99200B90AC3 /* WeatherOverview.swift */; };
		3D93F82F2C49F9A000B90AC3 /* WeatherDetail.swift in Sources */ = {isa = PBXBuildFile; fileRef = 3D93F82E2C49F9A000B90AC3 /* WeatherDetail.swift */; };
		3D93F8312C49F9AB00B90AC3 /* Wind.swift in Sources */ = {isa = PBXBuildFile; fileRef = 3D93F8302C49F9AB00B90AC3 /* Wind.swift */; };
		3D93F8342C49FA3700B90AC3 /* HourlyForecast.swift in Sources */ = {isa = PBXBuildFile; fileRef = 3D93F8332C49FA3700B90AC3 /* HourlyForecast.swift */; };
		3D93F8382C4A0C0900B90AC3 /* DataPersistence.swift in Sources */ = {isa = PBXBuildFile; fileRef = 3D93F8372C4A0C0900B90AC3 /* DataPersistence.swift */; };
/* End PBXBuildFile section */

/* Begin PBXFileReference section */
		3D93F8012C47613C00B90AC3 /* WeatherApp.app */ = {isa = PBXFileReference; explicitFileType = wrapper.application; includeInIndex = 0; path = WeatherApp.app; sourceTree = BUILT_PRODUCTS_DIR; };
		3D93F8042C47613C00B90AC3 /* WeatherApp.swift */ = {isa = PBXFileReference; lastKnownFileType = sourcecode.swift; path = WeatherApp.swift; sourceTree = "<group>"; };
		3D93F8062C47613C00B90AC3 /* CurrentWeatherView.swift */ = {isa = PBXFileReference; lastKnownFileType = sourcecode.swift; path = CurrentWeatherView.swift; sourceTree = "<group>"; };
		3D93F8082C47613D00B90AC3 /* Assets.xcassets */ = {isa = PBXFileReference; lastKnownFileType = folder.assetcatalog; path = Assets.xcassets; sourceTree = "<group>"; };
		3D93F80B2C47613D00B90AC3 /* Preview Assets.xcassets */ = {isa = PBXFileReference; lastKnownFileType = folder.assetcatalog; path = "Preview Assets.xcassets"; sourceTree = "<group>"; };
		3D93F8122C484D0500B90AC3 /* HourlyForecastView.swift */ = {isa = PBXFileReference; lastKnownFileType = sourcecode.swift; path = HourlyForecastView.swift; sourceTree = "<group>"; };
		3D93F8142C48A9CE00B90AC3 /* WelcomeView.swift */ = {isa = PBXFileReference; lastKnownFileType = sourcecode.swift; path = WelcomeView.swift; sourceTree = "<group>"; };
		3D93F8172C48C71800B90AC3 /* PurpleButton.swift */ = {isa = PBXFileReference; lastKnownFileType = sourcecode.swift; path = PurpleButton.swift; sourceTree = "<group>"; };
		3D93F81A2C48D32800B90AC3 /* NetworkManager.swift */ = {isa = PBXFileReference; lastKnownFileType = sourcecode.swift; path = NetworkManager.swift; sourceTree = "<group>"; };
		3D93F81D2C49698100B90AC3 /* CurrentWeather.swift */ = {isa = PBXFileReference; lastKnownFileType = sourcecode.swift; path = CurrentWeather.swift; sourceTree = "<group>"; };
		3D93F8202C49727700B90AC3 /* CurrentWeatherViewModel.swift */ = {isa = PBXFileReference; lastKnownFileType = sourcecode.swift; path = CurrentWeatherViewModel.swift; sourceTree = "<group>"; };
		3D93F8222C498E3500B90AC3 /* ForecastWeather.swift */ = {isa = PBXFileReference; lastKnownFileType = sourcecode.swift; path = ForecastWeather.swift; sourceTree = "<group>"; };
		3D93F8242C49AC8200B90AC3 /* HourlyForecastViewModel.swift */ = {isa = PBXFileReference; lastKnownFileType = sourcecode.swift; path = HourlyForecastViewModel.swift; sourceTree = "<group>"; };
		3D93F8262C49B68A00B90AC3 /* WeatherIconMapper.swift */ = {isa = PBXFileReference; lastKnownFileType = sourcecode.swift; path = WeatherIconMapper.swift; sourceTree = "<group>"; };
		3D93F8282C49F60000B90AC3 /* APIEndpoints.swift */ = {isa = PBXFileReference; lastKnownFileType = sourcecode.swift; path = APIEndpoints.swift; sourceTree = "<group>"; };
		3D93F82C2C49F99200B90AC3 /* WeatherOverview.swift */ = {isa = PBXFileReference; lastKnownFileType = sourcecode.swift; path = WeatherOverview.swift; sourceTree = "<group>"; };
		3D93F82E2C49F9A000B90AC3 /* WeatherDetail.swift */ = {isa = PBXFileReference; lastKnownFileType = sourcecode.swift; path = WeatherDetail.swift; sourceTree = "<group>"; };
		3D93F8302C49F9AB00B90AC3 /* Wind.swift */ = {isa = PBXFileReference; lastKnownFileType = sourcecode.swift; path = Wind.swift; sourceTree = "<group>"; };
		3D93F8332C49FA3700B90AC3 /* HourlyForecast.swift */ = {isa = PBXFileReference; lastKnownFileType = sourcecode.swift; path = HourlyForecast.swift; sourceTree = "<group>"; };
		3D93F8372C4A0C0900B90AC3 /* DataPersistence.swift */ = {isa = PBXFileReference; lastKnownFileType = sourcecode.swift; path = DataPersistence.swift; sourceTree = "<group>"; };
/* End PBXFileReference section */

/* Begin PBXFrameworksBuildPhase section */
		3D93F7FE2C47613C00B90AC3 /* Frameworks */ = {
			isa = PBXFrameworksBuildPhase;
			buildActionMask = 2147483647;
			files = (
			);
			runOnlyForDeploymentPostprocessing = 0;
		};
/* End PBXFrameworksBuildPhase section */

/* Begin PBXGroup section */
		3D93F7F82C47613C00B90AC3 = {
			isa = PBXGroup;
			children = (
				3D93F8032C47613C00B90AC3 /* WeatherApp */,
				3D93F8022C47613C00B90AC3 /* Products */,
			);
			sourceTree = "<group>";
		};
		3D93F8022C47613C00B90AC3 /* Products */ = {
			isa = PBXGroup;
			children = (
				3D93F8012C47613C00B90AC3 /* WeatherApp.app */,
			);
			name = Products;
			sourceTree = "<group>";
		};
		3D93F8032C47613C00B90AC3 /* WeatherApp */ = {
			isa = PBXGroup;
			children = (
				3D93F8352C4A057F00B90AC3 /* Views */,
				3D93F8162C48C70200B90AC3 /* CustomViews */,
				3D93F81F2C4971E400B90AC3 /* ViewModels */,
				3D93F81C2C49696A00B90AC3 /* Models */,
				3D93F8192C48D2DE00B90AC3 /* Networking */,
				3D93F8362C4A05A300B90AC3 /* Helper */,
				3D93F8042C47613C00B90AC3 /* WeatherApp.swift */,
				3D93F8082C47613D00B90AC3 /* Assets.xcassets */,
				3D93F80A2C47613D00B90AC3 /* Preview Content */,
			);
			path = WeatherApp;
			sourceTree = "<group>";
		};
		3D93F80A2C47613D00B90AC3 /* Preview Content */ = {
			isa = PBXGroup;
			children = (
				3D93F80B2C47613D00B90AC3 /* Preview Assets.xcassets */,
			);
			path = "Preview Content";
			sourceTree = "<group>";
		};
		3D93F8162C48C70200B90AC3 /* CustomViews */ = {
			isa = PBXGroup;
			children = (
				3D93F8172C48C71800B90AC3 /* PurpleButton.swift */,
			);
			path = CustomViews;
			sourceTree = "<group>";
		};
		3D93F8192C48D2DE00B90AC3 /* Networking */ = {
			isa = PBXGroup;
			children = (
				3D93F8282C49F60000B90AC3 /* APIEndpoints.swift */,
				3D93F81A2C48D32800B90AC3 /* NetworkManager.swift */,
			);
			path = Networking;
			sourceTree = "<group>";
		};
		3D93F81C2C49696A00B90AC3 /* Models */ = {
			isa = PBXGroup;
			children = (
				3D93F82A2C49F92E00B90AC3 /* RootLevelObjects */,
				3D93F82B2C49F94900B90AC3 /* ChildObjects */,
			);
			path = Models;
			sourceTree = "<group>";
		};
		3D93F81F2C4971E400B90AC3 /* ViewModels */ = {
			isa = PBXGroup;
			children = (
				3D93F8202C49727700B90AC3 /* CurrentWeatherViewModel.swift */,
				3D93F8242C49AC8200B90AC3 /* HourlyForecastViewModel.swift */,
			);
			path = ViewModels;
			sourceTree = "<group>";
		};
		3D93F82A2C49F92E00B90AC3 /* RootLevelObjects */ = {
			isa = PBXGroup;
			children = (
				3D93F81D2C49698100B90AC3 /* CurrentWeather.swift */,
				3D93F8222C498E3500B90AC3 /* ForecastWeather.swift */,
			);
			path = RootLevelObjects;
			sourceTree = "<group>";
		};
		3D93F82B2C49F94900B90AC3 /* ChildObjects */ = {
			isa = PBXGroup;
			children = (
				3D93F82C2C49F99200B90AC3 /* WeatherOverview.swift */,
				3D93F82E2C49F9A000B90AC3 /* WeatherDetail.swift */,
				3D93F8302C49F9AB00B90AC3 /* Wind.swift */,
				3D93F8332C49FA3700B90AC3 /* HourlyForecast.swift */,
			);
			path = ChildObjects;
			sourceTree = "<group>";
		};
		3D93F8352C4A057F00B90AC3 /* Views */ = {
			isa = PBXGroup;
			children = (
				3D93F8142C48A9CE00B90AC3 /* WelcomeView.swift */,
				3D93F8062C47613C00B90AC3 /* CurrentWeatherView.swift */,
				3D93F8122C484D0500B90AC3 /* HourlyForecastView.swift */,
			);
			path = Views;
			sourceTree = "<group>";
		};
		3D93F8362C4A05A300B90AC3 /* Helper */ = {
			isa = PBXGroup;
			children = (
				3D93F8262C49B68A00B90AC3 /* WeatherIconMapper.swift */,
				3D93F8372C4A0C0900B90AC3 /* DataPersistence.swift */,
			);
			path = Helper;
			sourceTree = "<group>";
		};
/* End PBXGroup section */

/* Begin PBXNativeTarget section */
		3D93F8002C47613C00B90AC3 /* WeatherApp */ = {
			isa = PBXNativeTarget;
			buildConfigurationList = 3D93F80F2C47613D00B90AC3 /* Build configuration list for PBXNativeTarget "WeatherApp" */;
			buildPhases = (
				3D93F7FD2C47613C00B90AC3 /* Sources */,
				3D93F7FE2C47613C00B90AC3 /* Frameworks */,
				3D93F7FF2C47613C00B90AC3 /* Resources */,
			);
			buildRules = (
			);
			dependencies = (
			);
			name = WeatherApp;
			productName = DummyWeather;
			productReference = 3D93F8012C47613C00B90AC3 /* WeatherApp.app */;
			productType = "com.apple.product-type.application";
		};
/* End PBXNativeTarget section */

/* Begin PBXProject section */
		3D93F7F92C47613C00B90AC3 /* Project object */ = {
			isa = PBXProject;
			attributes = {
				BuildIndependentTargetsInParallel = 1;
				LastSwiftUpdateCheck = 1420;
				LastUpgradeCheck = 1420;
				TargetAttributes = {
					3D93F8002C47613C00B90AC3 = {
						CreatedOnToolsVersion = 14.2;
					};
				};
			};
			buildConfigurationList = 3D93F7FC2C47613C00B90AC3 /* Build configuration list for PBXProject "WeatherApp" */;
			compatibilityVersion = "Xcode 14.0";
			developmentRegion = en;
			hasScannedForEncodings = 0;
			knownRegions = (
				en,
				Base,
			);
			mainGroup = 3D93F7F82C47613C00B90AC3;
			productRefGroup = 3D93F8022C47613C00B90AC3 /* Products */;
			projectDirPath = "";
			projectRoot = "";
			targets = (
				3D93F8002C47613C00B90AC3 /* WeatherApp */,
			);
		};
/* End PBXProject section */

/* Begin PBXResourcesBuildPhase section */
		3D93F7FF2C47613C00B90AC3 /* Resources */ = {
			isa = PBXResourcesBuildPhase;
			buildActionMask = 2147483647;
			files = (
				3D93F80C2C47613D00B90AC3 /* Preview Assets.xcassets in Resources */,
				3D93F8092C47613D00B90AC3 /* Assets.xcassets in Resources */,
			);
			runOnlyForDeploymentPostprocessing = 0;
		};
/* End PBXResourcesBuildPhase section */

/* Begin PBXSourcesBuildPhase section */
		3D93F7FD2C47613C00B90AC3 /* Sources */ = {
			isa = PBXSourcesBuildPhase;
			buildActionMask = 2147483647;
			files = (
				3D93F8272C49B68A00B90AC3 /* WeatherIconMapper.swift in Sources */,
				3D93F8232C498E3500B90AC3 /* ForecastWeather.swift in Sources */,
				3D93F81B2C48D32800B90AC3 /* NetworkManager.swift in Sources */,
				3D93F8292C49F60000B90AC3 /* APIEndpoints.swift in Sources */,
				3D93F8182C48C71800B90AC3 /* PurpleButton.swift in Sources */,
				3D93F8132C484D0500B90AC3 /* HourlyForecastView.swift in Sources */,
				3D93F8252C49AC8200B90AC3 /* HourlyForecastViewModel.swift in Sources */,
				3D93F82D2C49F99200B90AC3 /* WeatherOverview.swift in Sources */,
				3D93F81E2C49698100B90AC3 /* CurrentWeather.swift in Sources */,
				3D93F8382C4A0C0900B90AC3 /* DataPersistence.swift in Sources */,
				3D93F8342C49FA3700B90AC3 /* HourlyForecast.swift in Sources */,
				3D93F82F2C49F9A000B90AC3 /* WeatherDetail.swift in Sources */,
				3D93F8072C47613C00B90AC3 /* CurrentWeatherView.swift in Sources */,
				3D93F8312C49F9AB00B90AC3 /* Wind.swift in Sources */,
				3D93F8052C47613C00B90AC3 /* WeatherApp.swift in Sources */,
				3D93F8152C48A9CE00B90AC3 /* WelcomeView.swift in Sources */,
				3D93F8212C49727700B90AC3 /* CurrentWeatherViewModel.swift in Sources */,
			);
			runOnlyForDeploymentPostprocessing = 0;
		};
/* End PBXSourcesBuildPhase section */

/* Begin XCBuildConfiguration section */
		3D93F80D2C47613D00B90AC3 /* Debug */ = {
			isa = XCBuildConfiguration;
			buildSettings = {
				ALWAYS_SEARCH_USER_PATHS = NO;
				CLANG_ANALYZER_NONNULL = YES;
				CLANG_ANALYZER_NUMBER_OBJECT_CONVERSION = YES_AGGRESSIVE;
				CLANG_CXX_LANGUAGE_STANDARD = "gnu++20";
				CLANG_ENABLE_MODULES = YES;
				CLANG_ENABLE_OBJC_ARC = YES;
				CLANG_ENABLE_OBJC_WEAK = YES;
				CLANG_WARN_BLOCK_CAPTURE_AUTORELEASING = YES;
				CLANG_WARN_BOOL_CONVERSION = YES;
				CLANG_WARN_COMMA = YES;
				CLANG_WARN_CONSTANT_CONVERSION = YES;
				CLANG_WARN_DEPRECATED_OBJC_IMPLEMENTATIONS = YES;
				CLANG_WARN_DIRECT_OBJC_ISA_USAGE = YES_ERROR;
				CLANG_WARN_DOCUMENTATION_COMMENTS = YES;
				CLANG_WARN_EMPTY_BODY = YES;
				CLANG_WARN_ENUM_CONVERSION = YES;
				CLANG_WARN_INFINITE_RECURSION = YES;
				CLANG_WARN_INT_CONVERSION = YES;
				CLANG_WARN_NON_LITERAL_NULL_CONVERSION = YES;
				CLANG_WARN_OBJC_IMPLICIT_RETAIN_SELF = YES;
				CLANG_WARN_OBJC_LITERAL_CONVERSION = YES;
				CLANG_WARN_OBJC_ROOT_CLASS = YES_ERROR;
				CLANG_WARN_QUOTED_INCLUDE_IN_FRAMEWORK_HEADER = YES;
				CLANG_WARN_RANGE_LOOP_ANALYSIS = YES;
				CLANG_WARN_STRICT_PROTOTYPES = YES;
				CLANG_WARN_SUSPICIOUS_MOVE = YES;
				CLANG_WARN_UNGUARDED_AVAILABILITY = YES_AGGRESSIVE;
				CLANG_WARN_UNREACHABLE_CODE = YES;
				CLANG_WARN__DUPLICATE_METHOD_MATCH = YES;
				COPY_PHASE_STRIP = NO;
				DEBUG_INFORMATION_FORMAT = dwarf;
				ENABLE_STRICT_OBJC_MSGSEND = YES;
				ENABLE_TESTABILITY = YES;
				GCC_C_LANGUAGE_STANDARD = gnu11;
				GCC_DYNAMIC_NO_PIC = NO;
				GCC_NO_COMMON_BLOCKS = YES;
				GCC_OPTIMIZATION_LEVEL = 0;
				GCC_PREPROCESSOR_DEFINITIONS = (
					"DEBUG=1",
					"$(inherited)",
				);
				GCC_WARN_64_TO_32_BIT_CONVERSION = YES;
				GCC_WARN_ABOUT_RETURN_TYPE = YES_ERROR;
				GCC_WARN_UNDECLARED_SELECTOR = YES;
				GCC_WARN_UNINITIALIZED_AUTOS = YES_AGGRESSIVE;
				GCC_WARN_UNUSED_FUNCTION = YES;
				GCC_WARN_UNUSED_VARIABLE = YES;
				IPHONEOS_DEPLOYMENT_TARGET = 16.2;
				MTL_ENABLE_DEBUG_INFO = INCLUDE_SOURCE;
				MTL_FAST_MATH = YES;
				ONLY_ACTIVE_ARCH = YES;
				SDKROOT = iphoneos;
				SWIFT_ACTIVE_COMPILATION_CONDITIONS = DEBUG;
				SWIFT_OPTIMIZATION_LEVEL = "-Onone";
			};
			name = Debug;
		};
		3D93F80E2C47613D00B90AC3 /* Release */ = {
			isa = XCBuildConfiguration;
			buildSettings = {
				ALWAYS_SEARCH_USER_PATHS = NO;
				CLANG_ANALYZER_NONNULL = YES;
				CLANG_ANALYZER_NUMBER_OBJECT_CONVERSION = YES_AGGRESSIVE;
				CLANG_CXX_LANGUAGE_STANDARD = "gnu++20";
				CLANG_ENABLE_MODULES = YES;
				CLANG_ENABLE_OBJC_ARC = YES;
				CLANG_ENABLE_OBJC_WEAK = YES;
				CLANG_WARN_BLOCK_CAPTURE_AUTORELEASING = YES;
				CLANG_WARN_BOOL_CONVERSION = YES;
				CLANG_WARN_COMMA = YES;
				CLANG_WARN_CONSTANT_CONVERSION = YES;
				CLANG_WARN_DEPRECATED_OBJC_IMPLEMENTATIONS = YES;
				CLANG_WARN_DIRECT_OBJC_ISA_USAGE = YES_ERROR;
				CLANG_WARN_DOCUMENTATION_COMMENTS = YES;
				CLANG_WARN_EMPTY_BODY = YES;
				CLANG_WARN_ENUM_CONVERSION = YES;
				CLANG_WARN_INFINITE_RECURSION = YES;
				CLANG_WARN_INT_CONVERSION = YES;
				CLANG_WARN_NON_LITERAL_NULL_CONVERSION = YES;
				CLANG_WARN_OBJC_IMPLICIT_RETAIN_SELF = YES;
				CLANG_WARN_OBJC_LITERAL_CONVERSION = YES;
				CLANG_WARN_OBJC_ROOT_CLASS = YES_ERROR;
				CLANG_WARN_QUOTED_INCLUDE_IN_FRAMEWORK_HEADER = YES;
				CLANG_WARN_RANGE_LOOP_ANALYSIS = YES;
				CLANG_WARN_STRICT_PROTOTYPES = YES;
				CLANG_WARN_SUSPICIOUS_MOVE = YES;
				CLANG_WARN_UNGUARDED_AVAILABILITY = YES_AGGRESSIVE;
				CLANG_WARN_UNREACHABLE_CODE = YES;
				CLANG_WARN__DUPLICATE_METHOD_MATCH = YES;
				COPY_PHASE_STRIP = NO;
				DEBUG_INFORMATION_FORMAT = "dwarf-with-dsym";
				ENABLE_NS_ASSERTIONS = NO;
				ENABLE_STRICT_OBJC_MSGSEND = YES;
				GCC_C_LANGUAGE_STANDARD = gnu11;
				GCC_NO_COMMON_BLOCKS = YES;
				GCC_WARN_64_TO_32_BIT_CONVERSION = YES;
				GCC_WARN_ABOUT_RETURN_TYPE = YES_ERROR;
				GCC_WARN_UNDECLARED_SELECTOR = YES;
				GCC_WARN_UNINITIALIZED_AUTOS = YES_AGGRESSIVE;
				GCC_WARN_UNUSED_FUNCTION = YES;
				GCC_WARN_UNUSED_VARIABLE = YES;
				IPHONEOS_DEPLOYMENT_TARGET = 16.2;
				MTL_ENABLE_DEBUG_INFO = NO;
				MTL_FAST_MATH = YES;
				SDKROOT = iphoneos;
				SWIFT_COMPILATION_MODE = wholemodule;
				SWIFT_OPTIMIZATION_LEVEL = "-O";
				VALIDATE_PRODUCT = YES;
			};
			name = Release;
		};
		3D93F8102C47613D00B90AC3 /* Debug */ = {
			isa = XCBuildConfiguration;
			buildSettings = {
				ASSETCATALOG_COMPILER_APPICON_NAME = AppIcon;
				ASSETCATALOG_COMPILER_GLOBAL_ACCENT_COLOR_NAME = AccentColor;
				CODE_SIGN_STYLE = Automatic;
				CURRENT_PROJECT_VERSION = 1;
				DEVELOPMENT_ASSET_PATHS = "\"WeatherApp/Preview Content\"";
				ENABLE_PREVIEWS = YES;
				GENERATE_INFOPLIST_FILE = YES;
				INFOPLIST_KEY_UIApplicationSceneManifest_Generation = YES;
				INFOPLIST_KEY_UIApplicationSupportsIndirectInputEvents = YES;
				INFOPLIST_KEY_UILaunchScreen_Generation = YES;
				INFOPLIST_KEY_UISupportedInterfaceOrientations_iPad = "UIInterfaceOrientationPortrait UIInterfaceOrientationPortraitUpsideDown UIInterfaceOrientationLandscapeLeft UIInterfaceOrientationLandscapeRight";
				INFOPLIST_KEY_UISupportedInterfaceOrientations_iPhone = "UIInterfaceOrientationPortrait UIInterfaceOrientationLandscapeLeft UIInterfaceOrientationLandscapeRight";
				LD_RUNPATH_SEARCH_PATHS = (
					"$(inherited)",
					"@executable_path/Frameworks",
				);
				MARKETING_VERSION = 1.0;
				PRODUCT_BUNDLE_IDENTIFIER = com.personal.DummyWeather;
				PRODUCT_NAME = "$(TARGET_NAME)";
				SWIFT_EMIT_LOC_STRINGS = YES;
				SWIFT_VERSION = 5.0;
				TARGETED_DEVICE_FAMILY = "1,2";
			};
			name = Debug;
		};
		3D93F8112C47613D00B90AC3 /* Release */ = {
			isa = XCBuildConfiguration;
			buildSettings = {
				ASSETCATALOG_COMPILER_APPICON_NAME = AppIcon;
				ASSETCATALOG_COMPILER_GLOBAL_ACCENT_COLOR_NAME = AccentColor;
				CODE_SIGN_STYLE = Automatic;
				CURRENT_PROJECT_VERSION = 1;
				DEVELOPMENT_ASSET_PATHS = "\"WeatherApp/Preview Content\"";
				ENABLE_PREVIEWS = YES;
				GENERATE_INFOPLIST_FILE = YES;
				INFOPLIST_KEY_UIApplicationSceneManifest_Generation = YES;
				INFOPLIST_KEY_UIApplicationSupportsIndirectInputEvents = YES;
				INFOPLIST_KEY_UILaunchScreen_Generation = YES;
				INFOPLIST_KEY_UISupportedInterfaceOrientations_iPad = "UIInterfaceOrientationPortrait UIInterfaceOrientationPortraitUpsideDown UIInterfaceOrientationLandscapeLeft UIInterfaceOrientationLandscapeRight";
				INFOPLIST_KEY_UISupportedInterfaceOrientations_iPhone = "UIInterfaceOrientationPortrait UIInterfaceOrientationLandscapeLeft UIInterfaceOrientationLandscapeRight";
				LD_RUNPATH_SEARCH_PATHS = (
					"$(inherited)",
					"@executable_path/Frameworks",
				);
				MARKETING_VERSION = 1.0;
				PRODUCT_BUNDLE_IDENTIFIER = com.personal.DummyWeather;
				PRODUCT_NAME = "$(TARGET_NAME)";
				SWIFT_EMIT_LOC_STRINGS = YES;
				SWIFT_VERSION = 5.0;
				TARGETED_DEVICE_FAMILY = "1,2";
			};
			name = Release;
		};
/* End XCBuildConfiguration section */

/* Begin XCConfigurationList section */
		3D93F7FC2C47613C00B90AC3 /* Build configuration list for PBXProject "WeatherApp" */ = {
			isa = XCConfigurationList;
			buildConfigurations = (
				3D93F80D2C47613D00B90AC3 /* Debug */,
				3D93F80E2C47613D00B90AC3 /* Release */,
			);
			defaultConfigurationIsVisible = 0;
			defaultConfigurationName = Release;
		};
		3D93F80F2C47613D00B90AC3 /* Build configuration list for PBXNativeTarget "WeatherApp" */ = {
			isa = XCConfigurationList;
			buildConfigurations = (
				3D93F8102C47613D00B90AC3 /* Debug */,
				3D93F8112C47613D00B90AC3 /* Release */,
			);
			defaultConfigurationIsVisible = 0;
			defaultConfigurationName = Release;
		};
/* End XCConfigurationList section */
	};
	rootObject = 3D93F7F92C47613C00B90AC3 /* Project object */;
}
